
Microsoft Visual Studio Solution File, Format Version 12.00
# Visual Studio Version 17
VisualStudioVersion = 17.3.32825.248
MinimumVisualStudioVersion = 10.0.40219.1
Project("{FAE04EC0-301F-11D3-BF4B-00C04F79EFBC}") = "WpfApp", "01_Assigment\WpfApp.csproj", "{ED2001C4-B2BB-4E8C-A90D-1C832D5225CB}"
EndProject
Global
	GlobalSection(SolutionConfigurationPlatforms) = preSolution
		Debug|Any CPU = Debug|Any CPU
		Release|Any CPU = Release|Any CPU
	EndGlobalSection
	GlobalSection(ProjectConfigurationPlatforms) = postSolution
		{ED2001C4-B2BB-4E8C-A90D-1C832D5225CB}.Debug|Any CPU.ActiveCfg = Debug|Any CPU
		{ED2001C4-B2BB-4E8C-A90D-1C832D5225CB}.Debug|Any CPU.Build.0 = Debug|Any CPU
		{ED2001C4-B2BB-4E8C-A90D-1C832D5225CB}.Release|Any CPU.ActiveCfg = Release|Any CPU
		{ED2001C4-B2BB-4E8C-A90D-1C832D5225CB}.Release|Any CPU.Build.0 = Release|Any CPU
	EndGlobalSection
	GlobalSection(SolutionProperties) = preSolution
		HideSolutionNode = FALSE
	EndGlobalSection
	GlobalSection(ExtensibilityGlobals) = postSolution
		SolutionGuid = {2328E533-6AE8-469B-9302-E14E96B08C48}
	EndGlobalSection
EndGlobal
